
Microsoft Visual Studio Solution File, Format Version 12.00
# Visual Studio Version 17
VisualStudioVersion = 17.5.33627.172
MinimumVisualStudioVersion = 10.0.40219.1
Project("{9A19103F-16F7-4668-BE54-9A1E7A4F7556}") = "LibreriaMB.Modelos", "LibreriaMB.Modelos.csproj", "{5C2135FB-0012-4664-A18C-7EA016DC34C3}"
EndProject
Project("{9A19103F-16F7-4668-BE54-9A1E7A4F7556}") = "LibreriaMB.API", "..\LibreriaMB.API\LibreriaMB.API.csproj", "{C110705F-E225-4231-8B53-8B2491C5A687}"
EndProject
Project("{9A19103F-16F7-4668-BE54-9A1E7A4F7556}") = "LibreriaMB.UAPI", "..\LibreriaMB.UAPI\LibreriaMB.UAPI.csproj", "{0855A981-60FE-4F5F-B615-96C9DBCC841C}"
EndProject
Project("{9A19103F-16F7-4668-BE54-9A1E7A4F7556}") = "LibreriaMB.Consola", "..\LibreriaMB.Consola\LibreriaMB.Consola.csproj", "{F3C83CB5-FF86-469D-8A8D-93BA6AD4B916}"
EndProject
Project("{FAE04EC0-301F-11D3-BF4B-00C04F79EFBC}") = "LibreriaMB.WebMVC2", "..\LibreriaMB.WebMVC2\LibreriaMB.WebMVC2.csproj", "{FE5DBBF0-EA53-46E5-ACF4-E43F07914000}"
EndProject
Global
	GlobalSection(SolutionConfigurationPlatforms) = preSolution
		Debug|Any CPU = Debug|Any CPU
		Release|Any CPU = Release|Any CPU
	EndGlobalSection
	GlobalSection(ProjectConfigurationPlatforms) = postSolution
		{5C2135FB-0012-4664-A18C-7EA016DC34C3}.Debug|Any CPU.ActiveCfg = Debug|Any CPU
		{5C2135FB-0012-4664-A18C-7EA016DC34C3}.Debug|Any CPU.Build.0 = Debug|Any CPU
		{5C2135FB-0012-4664-A18C-7EA016DC34C3}.Release|Any CPU.ActiveCfg = Release|Any CPU
		{5C2135FB-0012-4664-A18C-7EA016DC34C3}.Release|Any CPU.Build.0 = Release|Any CPU
		{C110705F-E225-4231-8B53-8B2491C5A687}.Debug|Any CPU.ActiveCfg = Debug|Any CPU
		{C110705F-E225-4231-8B53-8B2491C5A687}.Debug|Any CPU.Build.0 = Debug|Any CPU
		{C110705F-E225-4231-8B53-8B2491C5A687}.Release|Any CPU.ActiveCfg = Release|Any CPU
		{C110705F-E225-4231-8B53-8B2491C5A687}.Release|Any CPU.Build.0 = Release|Any CPU
		{0855A981-60FE-4F5F-B615-96C9DBCC841C}.Debug|Any CPU.ActiveCfg = Debug|Any CPU
		{0855A981-60FE-4F5F-B615-96C9DBCC841C}.Debug|Any CPU.Build.0 = Debug|Any CPU
		{0855A981-60FE-4F5F-B615-96C9DBCC841C}.Release|Any CPU.ActiveCfg = Release|Any CPU
		{0855A981-60FE-4F5F-B615-96C9DBCC841C}.Release|Any CPU.Build.0 = Release|Any CPU
		{F3C83CB5-FF86-469D-8A8D-93BA6AD4B916}.Debug|Any CPU.ActiveCfg = Debug|Any CPU
		{F3C83CB5-FF86-469D-8A8D-93BA6AD4B916}.Debug|Any CPU.Build.0 = Debug|Any CPU
		{F3C83CB5-FF86-469D-8A8D-93BA6AD4B916}.Release|Any CPU.ActiveCfg = Release|Any CPU
		{F3C83CB5-FF86-469D-8A8D-93BA6AD4B916}.Release|Any CPU.Build.0 = Release|Any CPU
		{FE5DBBF0-EA53-46E5-ACF4-E43F07914000}.Debug|Any CPU.ActiveCfg = Debug|Any CPU
		{FE5DBBF0-EA53-46E5-ACF4-E43F07914000}.Debug|Any CPU.Build.0 = Debug|Any CPU
		{FE5DBBF0-EA53-46E5-ACF4-E43F07914000}.Release|Any CPU.ActiveCfg = Release|Any CPU
		{FE5DBBF0-EA53-46E5-ACF4-E43F07914000}.Release|Any CPU.Build.0 = Release|Any CPU
	EndGlobalSection
	GlobalSection(SolutionProperties) = preSolution
		HideSolutionNode = FALSE
	EndGlobalSection
	GlobalSection(ExtensibilityGlobals) = postSolution
		SolutionGuid = {7736A77D-35E8-4D0B-B0B0-A79A55619B76}
	EndGlobalSection
EndGlobal
